
Microsoft Visual Studio Solution File, Format Version 12.00
# Visual Studio Version 17
VisualStudioVersion = 17.12.35707.178 d17.12
MinimumVisualStudioVersion = 10.0.40219.1
Project("{FAE04EC0-301F-11D3-BF4B-00C04F79EFBC}") = "TodoList", "TodoList.csproj", "{E6F772A5-DAFF-48AD-A56A-C712067F0CAD}"
EndProject
Global
	GlobalSection(SolutionConfigurationPlatforms) = preSolution
		Debug|Any CPU = Debug|Any CPU
		Release|Any CPU = Release|Any CPU
	EndGlobalSection
	GlobalSection(ProjectConfigurationPlatforms) = postSolution
		{E6F772A5-DAFF-48AD-A56A-C712067F0CAD}.Debug|Any CPU.ActiveCfg = Debug|Any CPU
		{E6F772A5-DAFF-48AD-A56A-C712067F0CAD}.Debug|Any CPU.Build.0 = Debug|Any CPU
		{E6F772A5-DAFF-48AD-A56A-C712067F0CAD}.Release|Any CPU.ActiveCfg = Release|Any CPU
		{E6F772A5-DAFF-48AD-A56A-C712067F0CAD}.Release|Any CPU.Build.0 = Release|Any CPU
	EndGlobalSection
	GlobalSection(SolutionProperties) = preSolution
		HideSolutionNode = FALSE
	EndGlobalSection
EndGlobal
